
Microsoft Visual Studio Solution File, Format Version 12.00
# Visual Studio Version 16
VisualStudioVersion = 16.0.29409.12
MinimumVisualStudioVersion = 10.0.40219.1
Project("{FAE04EC0-301F-11D3-BF4B-00C04F79EFBC}") = "MVCSimpleApp", "MVCSampleApp\MVCSimpleApp.csproj", "{7EBC93B6-C9AC-40DA-A2C9-2B6FE87713DA}"
EndProject
Global
	GlobalSection(SolutionConfigurationPlatforms) = preSolution
		Debug|Any CPU = Debug|Any CPU
		Release|Any CPU = Release|Any CPU
	EndGlobalSection
	GlobalSection(ProjectConfigurationPlatforms) = postSolution
		{7EBC93B6-C9AC-40DA-A2C9-2B6FE87713DA}.Debug|Any CPU.ActiveCfg = Debug|Any CPU
		{7EBC93B6-C9AC-40DA-A2C9-2B6FE87713DA}.Debug|Any CPU.Build.0 = Debug|Any CPU
		{7EBC93B6-C9AC-40DA-A2C9-2B6FE87713DA}.Release|Any CPU.ActiveCfg = Release|Any CPU
		{7EBC93B6-C9AC-40DA-A2C9-2B6FE87713DA}.Release|Any CPU.Build.0 = Release|Any CPU
	EndGlobalSection
	GlobalSection(SolutionProperties) = preSolution
		HideSolutionNode = FALSE
	EndGlobalSection
	GlobalSection(ExtensibilityGlobals) = postSolution
		SolutionGuid = {D94E590B-6EBF-4814-B12B-07A1D723C522}
	EndGlobalSection
EndGlobal
