
Microsoft Visual Studio Solution File, Format Version 12.00
# Visual Studio Version 16
VisualStudioVersion = 16.0.29409.12
MinimumVisualStudioVersion = 10.0.40219.1
Project("{FAE04EC0-301F-11D3-BF4B-00C04F79EFBC}") = "MVCFirstApp", "MVCFirstApp\MVCFirstApp.csproj", "{E181F4AC-47C5-4313-A8E7-DE0C097977CE}"
EndProject
Global
	GlobalSection(SolutionConfigurationPlatforms) = preSolution
		Debug|Any CPU = Debug|Any CPU
		Release|Any CPU = Release|Any CPU
	EndGlobalSection
	GlobalSection(ProjectConfigurationPlatforms) = postSolution
		{E181F4AC-47C5-4313-A8E7-DE0C097977CE}.Debug|Any CPU.ActiveCfg = Debug|Any CPU
		{E181F4AC-47C5-4313-A8E7-DE0C097977CE}.Debug|Any CPU.Build.0 = Debug|Any CPU
		{E181F4AC-47C5-4313-A8E7-DE0C097977CE}.Release|Any CPU.ActiveCfg = Release|Any CPU
		{E181F4AC-47C5-4313-A8E7-DE0C097977CE}.Release|Any CPU.Build.0 = Release|Any CPU
	EndGlobalSection
	GlobalSection(SolutionProperties) = preSolution
		HideSolutionNode = FALSE
	EndGlobalSection
	GlobalSection(ExtensibilityGlobals) = postSolution
		SolutionGuid = {04D421EF-6F2F-4DCB-820D-3B0F316B3563}
	EndGlobalSection
EndGlobal
