
Microsoft Visual Studio Solution File, Format Version 12.00
# Visual Studio Version 16
VisualStudioVersion = 16.0.29409.12
MinimumVisualStudioVersion = 10.0.40219.1
Project("{FAE04EC0-301F-11D3-BF4B-00C04F79EFBC}") = "MVCFiltersDemo", "MVCFiltersDemo\MVCFiltersDemo.csproj", "{F7B73FB3-9858-4F4A-B0E0-7D28B282824E}"
EndProject
Global
	GlobalSection(SolutionConfigurationPlatforms) = preSolution
		Debug|Any CPU = Debug|Any CPU
		Release|Any CPU = Release|Any CPU
	EndGlobalSection
	GlobalSection(ProjectConfigurationPlatforms) = postSolution
		{F7B73FB3-9858-4F4A-B0E0-7D28B282824E}.Debug|Any CPU.ActiveCfg = Debug|Any CPU
		{F7B73FB3-9858-4F4A-B0E0-7D28B282824E}.Debug|Any CPU.Build.0 = Debug|Any CPU
		{F7B73FB3-9858-4F4A-B0E0-7D28B282824E}.Release|Any CPU.ActiveCfg = Release|Any CPU
		{F7B73FB3-9858-4F4A-B0E0-7D28B282824E}.Release|Any CPU.Build.0 = Release|Any CPU
	EndGlobalSection
	GlobalSection(SolutionProperties) = preSolution
		HideSolutionNode = FALSE
	EndGlobalSection
	GlobalSection(ExtensibilityGlobals) = postSolution
		SolutionGuid = {A2B03DED-D5E5-4470-AC64-277EE0FE9CFB}
	EndGlobalSection
EndGlobal
